
Microsoft Visual Studio Solution File, Format Version 12.00
# Visual Studio Version 16
VisualStudioVersion = 16.0.33927.289
MinimumVisualStudioVersion = 10.0.40219.1
Project("{F184B08F-C81C-45F6-A57F-5ABD9991F28F}") = "TcpSerialDriver", "TcpSerialDriver\TcpSerialDriver.vbproj", "{0F3B7327-8650-4412-AF30-704990ABA7CD}"
EndProject
Global
	GlobalSection(SolutionConfigurationPlatforms) = preSolution
		Debug|Any CPU = Debug|Any CPU
		Release|Any CPU = Release|Any CPU
	EndGlobalSection
	GlobalSection(ProjectConfigurationPlatforms) = postSolution
		{0F3B7327-8650-4412-AF30-704990ABA7CD}.Debug|Any CPU.ActiveCfg = Debug|Any CPU
		{0F3B7327-8650-4412-AF30-704990ABA7CD}.Debug|Any CPU.Build.0 = Debug|Any CPU
		{0F3B7327-8650-4412-AF30-704990ABA7CD}.Release|Any CPU.ActiveCfg = Release|Any CPU
		{0F3B7327-8650-4412-AF30-704990ABA7CD}.Release|Any CPU.Build.0 = Release|Any CPU
	EndGlobalSection
	GlobalSection(SolutionProperties) = preSolution
		HideSolutionNode = FALSE
	EndGlobalSection
	GlobalSection(ExtensibilityGlobals) = postSolution
		SolutionGuid = {B15723C9-A69B-44E5-9D9C-AE099F78F0CC}
	EndGlobalSection
EndGlobal
